
Microsoft Visual Studio Solution File, Format Version 12.00
# Visual Studio Version 16
VisualStudioVersion = 16.0.29728.190
MinimumVisualStudioVersion = 10.0.40219.1
Project("{9A19103F-16F7-4668-BE54-9A1E7A4F7556}") = "XamarinReactorUI", "XamarinReactorUI\XamarinReactorUI.csproj", "{F6B3A4B8-311F-458A-874F-7290CBC08AD7}"
EndProject
Project("{FAE04EC0-301F-11D3-BF4B-00C04F79EFBC}") = "XamarinReactorUI.TestApp.Android", "XamarinReactorUI.TestApp\XamarinReactorUI.TestApp.Android\XamarinReactorUI.TestApp.Android.csproj", "{A006C685-454E-4CE3-9661-EE08EBD8AE55}"
EndProject
Project("{FAE04EC0-301F-11D3-BF4B-00C04F79EFBC}") = "XamarinReactorUI.TestApp.iOS", "XamarinReactorUI.TestApp\XamarinReactorUI.TestApp.iOS\XamarinReactorUI.TestApp.iOS.csproj", "{63E1C2C9-1C9D-43CB-8662-0B2217A30440}"
EndProject
Project("{9A19103F-16F7-4668-BE54-9A1E7A4F7556}") = "XamarinReactorUI.TestApp", "XamarinReactorUI.TestApp\XamarinReactorUI.TestApp\XamarinReactorUI.TestApp.csproj", "{C472300D-5ED7-486F-B000-E7A38B449227}"
EndProject
Project("{9A19103F-16F7-4668-BE54-9A1E7A4F7556}") = "XamarinReactorUI.Scaffold", "XamarinReactorUI.Scaffold\XamarinReactorUI.Scaffold.csproj", "{1E04B038-8FBC-4DE4-B52F-EDA7E867AAA6}"
EndProject
Project("{9A19103F-16F7-4668-BE54-9A1E7A4F7556}") = "XamarinReactorUI.HotReload", "XamarinReactorUI.HotReload\XamarinReactorUI.HotReload.csproj", "{52DC9099-9903-4F13-96E2-385D45FC8BAC}"
EndProject
Project("{9A19103F-16F7-4668-BE54-9A1E7A4F7556}") = "XamarinReactorUI.HotReloadConsole", "XamarinReactorUI.HotReloadConsole\XamarinReactorUI.HotReloadConsole.csproj", "{7B5640F2-93AD-4980-BA18-E10369BF278C}"
EndProject
Project("{9A19103F-16F7-4668-BE54-9A1E7A4F7556}") = "XamarinReactorUI.Maps", "XamarinReactorUI.Maps\XamarinReactorUI.Maps.csproj", "{18DCBA8C-D157-47A4-9C3C-C31F11123807}"
EndProject
Project("{FAE04EC0-301F-11D3-BF4B-00C04F79EFBC}") = "XamarinReactorUI.HotReloadVsExtension", "XamarinReactorUI.HotReloadVsExtension\XamarinReactorUI.HotReloadVsExtension.csproj", "{7883E037-962D-4EB8-8198-C3A6A31C37C8}"
EndProject
Project("{9A19103F-16F7-4668-BE54-9A1E7A4F7556}") = "XamarinReactorUI.Skia", "XamarinReactorUI.Skia\XamarinReactorUI.Skia.csproj", "{44A2B947-BB88-4BF1-B3DC-8E1C96483761}"
EndProject
Project("{FAE04EC0-301F-11D3-BF4B-00C04F79EFBC}") = "XamarinReactorUI.PancakeView", "XamarinReactorUI.PancakeView\XamarinReactorUI.PancakeView.csproj", "{62AA9583-B3A1-4242-81AD-E99C5A8F8C02}"
EndProject
Global
	GlobalSection(SolutionConfigurationPlatforms) = preSolution
		Debug|Any CPU = Debug|Any CPU
		Debug|iPhone = Debug|iPhone
		Debug|iPhoneSimulator = Debug|iPhoneSimulator
		Release|Any CPU = Release|Any CPU
		Release|iPhone = Release|iPhone
		Release|iPhoneSimulator = Release|iPhoneSimulator
	EndGlobalSection
	GlobalSection(ProjectConfigurationPlatforms) = postSolution
		{F6B3A4B8-311F-458A-874F-7290CBC08AD7}.Debug|Any CPU.ActiveCfg = Debug|Any CPU
		{F6B3A4B8-311F-458A-874F-7290CBC08AD7}.Debug|Any CPU.Build.0 = Debug|Any CPU
		{F6B3A4B8-311F-458A-874F-7290CBC08AD7}.Debug|iPhone.ActiveCfg = Debug|Any CPU
		{F6B3A4B8-311F-458A-874F-7290CBC08AD7}.Debug|iPhone.Build.0 = Debug|Any CPU
		{F6B3A4B8-311F-458A-874F-7290CBC08AD7}.Debug|iPhoneSimulator.ActiveCfg = Debug|Any CPU
		{F6B3A4B8-311F-458A-874F-7290CBC08AD7}.Debug|iPhoneSimulator.Build.0 = Debug|Any CPU
		{F6B3A4B8-311F-458A-874F-7290CBC08AD7}.Release|Any CPU.ActiveCfg = Release|Any CPU
		{F6B3A4B8-311F-458A-874F-7290CBC08AD7}.Release|Any CPU.Build.0 = Release|Any CPU
		{F6B3A4B8-311F-458A-874F-7290CBC08AD7}.Release|iPhone.ActiveCfg = Release|Any CPU
		{F6B3A4B8-311F-458A-874F-7290CBC08AD7}.Release|iPhone.Build.0 = Release|Any CPU
		{F6B3A4B8-311F-458A-874F-7290CBC08AD7}.Release|iPhoneSimulator.ActiveCfg = Release|Any CPU
		{F6B3A4B8-311F-458A-874F-7290CBC08AD7}.Release|iPhoneSimulator.Build.0 = Release|Any CPU
		{A006C685-454E-4CE3-9661-EE08EBD8AE55}.Debug|Any CPU.ActiveCfg = Debug|Any CPU
		{A006C685-454E-4CE3-9661-EE08EBD8AE55}.Debug|Any CPU.Build.0 = Debug|Any CPU
		{A006C685-454E-4CE3-9661-EE08EBD8AE55}.Debug|Any CPU.Deploy.0 = Debug|Any CPU
		{A006C685-454E-4CE3-9661-EE08EBD8AE55}.Debug|iPhone.ActiveCfg = Debug|Any CPU
		{A006C685-454E-4CE3-9661-EE08EBD8AE55}.Debug|iPhone.Build.0 = Debug|Any CPU
		{A006C685-454E-4CE3-9661-EE08EBD8AE55}.Debug|iPhone.Deploy.0 = Debug|Any CPU
		{A006C685-454E-4CE3-9661-EE08EBD8AE55}.Debug|iPhoneSimulator.ActiveCfg = Debug|Any CPU
		{A006C685-454E-4CE3-9661-EE08EBD8AE55}.Debug|iPhoneSimulator.Build.0 = Debug|Any CPU
		{A006C685-454E-4CE3-9661-EE08EBD8AE55}.Debug|iPhoneSimulator.Deploy.0 = Debug|Any CPU
		{A006C685-454E-4CE3-9661-EE08EBD8AE55}.Release|Any CPU.ActiveCfg = Release|Any CPU
		{A006C685-454E-4CE3-9661-EE08EBD8AE55}.Release|Any CPU.Build.0 = Release|Any CPU
		{A006C685-454E-4CE3-9661-EE08EBD8AE55}.Release|Any CPU.Deploy.0 = Release|Any CPU
		{A006C685-454E-4CE3-9661-EE08EBD8AE55}.Release|iPhone.ActiveCfg = Release|Any CPU
		{A006C685-454E-4CE3-9661-EE08EBD8AE55}.Release|iPhone.Build.0 = Release|Any CPU
		{A006C685-454E-4CE3-9661-EE08EBD8AE55}.Release|iPhone.Deploy.0 = Release|Any CPU
		{A006C685-454E-4CE3-9661-EE08EBD8AE55}.Release|iPhoneSimulator.ActiveCfg = Release|Any CPU
		{A006C685-454E-4CE3-9661-EE08EBD8AE55}.Release|iPhoneSimulator.Build.0 = Release|Any CPU
		{A006C685-454E-4CE3-9661-EE08EBD8AE55}.Release|iPhoneSimulator.Deploy.0 = Release|Any CPU
		{63E1C2C9-1C9D-43CB-8662-0B2217A30440}.Debug|Any CPU.ActiveCfg = Debug|iPhone
		{63E1C2C9-1C9D-43CB-8662-0B2217A30440}.Debug|iPhone.ActiveCfg = Debug|iPhone
		{63E1C2C9-1C9D-43CB-8662-0B2217A30440}.Debug|iPhone.Build.0 = Debug|iPhone
		{63E1C2C9-1C9D-43CB-8662-0B2217A30440}.Debug|iPhoneSimulator.ActiveCfg = Debug|iPhoneSimulator
		{63E1C2C9-1C9D-43CB-8662-0B2217A30440}.Debug|iPhoneSimulator.Build.0 = Debug|iPhoneSimulator
		{63E1C2C9-1C9D-43CB-8662-0B2217A30440}.Release|Any CPU.ActiveCfg = Release|iPhone
		{63E1C2C9-1C9D-43CB-8662-0B2217A30440}.Release|iPhone.ActiveCfg = Release|iPhone
		{63E1C2C9-1C9D-43CB-8662-0B2217A30440}.Release|iPhone.Build.0 = Release|iPhone
		{63E1C2C9-1C9D-43CB-8662-0B2217A30440}.Release|iPhoneSimulator.ActiveCfg = Release|iPhoneSimulator
		{63E1C2C9-1C9D-43CB-8662-0B2217A30440}.Release|iPhoneSimulator.Build.0 = Release|iPhoneSimulator
		{C472300D-5ED7-486F-B000-E7A38B449227}.Debug|Any CPU.ActiveCfg = Debug|Any CPU
		{C472300D-5ED7-486F-B000-E7A38B449227}.Debug|Any CPU.Build.0 = Debug|Any CPU
		{C472300D-5ED7-486F-B000-E7A38B449227}.Debug|iPhone.ActiveCfg = Debug|Any CPU
		{C472300D-5ED7-486F-B000-E7A38B449227}.Debug|iPhone.Build.0 = Debug|Any CPU
		{C472300D-5ED7-486F-B000-E7A38B449227}.Debug|iPhoneSimulator.ActiveCfg = Debug|Any CPU
		{C472300D-5ED7-486F-B000-E7A38B449227}.Debug|iPhoneSimulator.Build.0 = Debug|Any CPU
		{C472300D-5ED7-486F-B000-E7A38B449227}.Release|Any CPU.ActiveCfg = Release|Any CPU
		{C472300D-5ED7-486F-B000-E7A38B449227}.Release|Any CPU.Build.0 = Release|Any CPU
		{C472300D-5ED7-486F-B000-E7A38B449227}.Release|iPhone.ActiveCfg = Release|Any CPU
		{C472300D-5ED7-486F-B000-E7A38B449227}.Release|iPhone.Build.0 = Release|Any CPU
		{C472300D-5ED7-486F-B000-E7A38B449227}.Release|iPhoneSimulator.ActiveCfg = Release|Any CPU
		{C472300D-5ED7-486F-B000-E7A38B449227}.Release|iPhoneSimulator.Build.0 = Release|Any CPU
		{1E04B038-8FBC-4DE4-B52F-EDA7E867AAA6}.Debug|Any CPU.ActiveCfg = Debug|Any CPU
		{1E04B038-8FBC-4DE4-B52F-EDA7E867AAA6}.Debug|Any CPU.Build.0 = Debug|Any CPU
		{1E04B038-8FBC-4DE4-B52F-EDA7E867AAA6}.Debug|iPhone.ActiveCfg = Debug|Any CPU
		{1E04B038-8FBC-4DE4-B52F-EDA7E867AAA6}.Debug|iPhone.Build.0 = Debug|Any CPU
		{1E04B038-8FBC-4DE4-B52F-EDA7E867AAA6}.Debug|iPhoneSimulator.ActiveCfg = Debug|Any CPU
		{1E04B038-8FBC-4DE4-B52F-EDA7E867AAA6}.Debug|iPhoneSimulator.Build.0 = Debug|Any CPU
		{1E04B038-8FBC-4DE4-B52F-EDA7E867AAA6}.Release|Any CPU.ActiveCfg = Release|Any CPU
		{1E04B038-8FBC-4DE4-B52F-EDA7E867AAA6}.Release|Any CPU.Build.0 = Release|Any CPU
		{1E04B038-8FBC-4DE4-B52F-EDA7E867AAA6}.Release|iPhone.ActiveCfg = Release|Any CPU
		{1E04B038-8FBC-4DE4-B52F-EDA7E867AAA6}.Release|iPhone.Build.0 = Release|Any CPU
		{1E04B038-8FBC-4DE4-B52F-EDA7E867AAA6}.Release|iPhoneSimulator.ActiveCfg = Release|Any CPU
		{1E04B038-8FBC-4DE4-B52F-EDA7E867AAA6}.Release|iPhoneSimulator.Build.0 = Release|Any CPU
		{52DC9099-9903-4F13-96E2-385D45FC8BAC}.Debug|Any CPU.ActiveCfg = Debug|Any CPU
		{52DC9099-9903-4F13-96E2-385D45FC8BAC}.Debug|Any CPU.Build.0 = Debug|Any CPU
		{52DC9099-9903-4F13-96E2-385D45FC8BAC}.Debug|iPhone.ActiveCfg = Debug|Any CPU
		{52DC9099-9903-4F13-96E2-385D45FC8BAC}.Debug|iPhone.Build.0 = Debug|Any CPU
		{52DC9099-9903-4F13-96E2-385D45FC8BAC}.Debug|iPhoneSimulator.ActiveCfg = Debug|Any CPU
		{52DC9099-9903-4F13-96E2-385D45FC8BAC}.Debug|iPhoneSimulator.Build.0 = Debug|Any CPU
		{52DC9099-9903-4F13-96E2-385D45FC8BAC}.Release|Any CPU.ActiveCfg = Release|Any CPU
		{52DC9099-9903-4F13-96E2-385D45FC8BAC}.Release|Any CPU.Build.0 = Release|Any CPU
		{52DC9099-9903-4F13-96E2-385D45FC8BAC}.Release|iPhone.ActiveCfg = Release|Any CPU
		{52DC9099-9903-4F13-96E2-385D45FC8BAC}.Release|iPhone.Build.0 = Release|Any CPU
		{52DC9099-9903-4F13-96E2-385D45FC8BAC}.Release|iPhoneSimulator.ActiveCfg = Release|Any CPU
		{52DC9099-9903-4F13-96E2-385D45FC8BAC}.Release|iPhoneSimulator.Build.0 = Release|Any CPU
		{7B5640F2-93AD-4980-BA18-E10369BF278C}.Debug|Any CPU.ActiveCfg = Debug|Any CPU
		{7B5640F2-93AD-4980-BA18-E10369BF278C}.Debug|Any CPU.Build.0 = Debug|Any CPU
		{7B5640F2-93AD-4980-BA18-E10369BF278C}.Debug|iPhone.ActiveCfg = Debug|Any CPU
		{7B5640F2-93AD-4980-BA18-E10369BF278C}.Debug|iPhone.Build.0 = Debug|Any CPU
		{7B5640F2-93AD-4980-BA18-E10369BF278C}.Debug|iPhoneSimulator.ActiveCfg = Debug|Any CPU
		{7B5640F2-93AD-4980-BA18-E10369BF278C}.Debug|iPhoneSimulator.Build.0 = Debug|Any CPU
		{7B5640F2-93AD-4980-BA18-E10369BF278C}.Release|Any CPU.ActiveCfg = Release|Any CPU
		{7B5640F2-93AD-4980-BA18-E10369BF278C}.Release|Any CPU.Build.0 = Release|Any CPU
		{7B5640F2-93AD-4980-BA18-E10369BF278C}.Release|iPhone.ActiveCfg = Release|Any CPU
		{7B5640F2-93AD-4980-BA18-E10369BF278C}.Release|iPhone.Build.0 = Release|Any CPU
		{7B5640F2-93AD-4980-BA18-E10369BF278C}.Release|iPhoneSimulator.ActiveCfg = Release|Any CPU
		{7B5640F2-93AD-4980-BA18-E10369BF278C}.Release|iPhoneSimulator.Build.0 = Release|Any CPU
		{18DCBA8C-D157-47A4-9C3C-C31F11123807}.Debug|Any CPU.ActiveCfg = Debug|Any CPU
		{18DCBA8C-D157-47A4-9C3C-C31F11123807}.Debug|Any CPU.Build.0 = Debug|Any CPU
		{18DCBA8C-D157-47A4-9C3C-C31F11123807}.Debug|iPhone.ActiveCfg = Debug|Any CPU
		{18DCBA8C-D157-47A4-9C3C-C31F11123807}.Debug|iPhone.Build.0 = Debug|Any CPU
		{18DCBA8C-D157-47A4-9C3C-C31F11123807}.Debug|iPhoneSimulator.ActiveCfg = Debug|Any CPU
		{18DCBA8C-D157-47A4-9C3C-C31F11123807}.Debug|iPhoneSimulator.Build.0 = Debug|Any CPU
		{18DCBA8C-D157-47A4-9C3C-C31F11123807}.Release|Any CPU.ActiveCfg = Release|Any CPU
		{18DCBA8C-D157-47A4-9C3C-C31F11123807}.Release|Any CPU.Build.0 = Release|Any CPU
		{18DCBA8C-D157-47A4-9C3C-C31F11123807}.Release|iPhone.ActiveCfg = Release|Any CPU
		{18DCBA8C-D157-47A4-9C3C-C31F11123807}.Release|iPhone.Build.0 = Release|Any CPU
		{18DCBA8C-D157-47A4-9C3C-C31F11123807}.Release|iPhoneSimulator.ActiveCfg = Release|Any CPU
		{18DCBA8C-D157-47A4-9C3C-C31F11123807}.Release|iPhoneSimulator.Build.0 = Release|Any CPU
		{7883E037-962D-4EB8-8198-C3A6A31C37C8}.Debug|Any CPU.ActiveCfg = Debug|Any CPU
		{7883E037-962D-4EB8-8198-C3A6A31C37C8}.Debug|Any CPU.Build.0 = Debug|Any CPU
		{7883E037-962D-4EB8-8198-C3A6A31C37C8}.Debug|iPhone.ActiveCfg = Debug|Any CPU
		{7883E037-962D-4EB8-8198-C3A6A31C37C8}.Debug|iPhone.Build.0 = Debug|Any CPU
		{7883E037-962D-4EB8-8198-C3A6A31C37C8}.Debug|iPhoneSimulator.ActiveCfg = Debug|Any CPU
		{7883E037-962D-4EB8-8198-C3A6A31C37C8}.Debug|iPhoneSimulator.Build.0 = Debug|Any CPU
		{7883E037-962D-4EB8-8198-C3A6A31C37C8}.Release|Any CPU.ActiveCfg = Release|Any CPU
		{7883E037-962D-4EB8-8198-C3A6A31C37C8}.Release|Any CPU.Build.0 = Release|Any CPU
		{7883E037-962D-4EB8-8198-C3A6A31C37C8}.Release|iPhone.ActiveCfg = Release|Any CPU
		{7883E037-962D-4EB8-8198-C3A6A31C37C8}.Release|iPhone.Build.0 = Release|Any CPU
		{7883E037-962D-4EB8-8198-C3A6A31C37C8}.Release|iPhoneSimulator.ActiveCfg = Release|Any CPU
		{7883E037-962D-4EB8-8198-C3A6A31C37C8}.Release|iPhoneSimulator.Build.0 = Release|Any CPU
		{44A2B947-BB88-4BF1-B3DC-8E1C96483761}.Debug|Any CPU.ActiveCfg = Debug|Any CPU
		{44A2B947-BB88-4BF1-B3DC-8E1C96483761}.Debug|Any CPU.Build.0 = Debug|Any CPU
		{44A2B947-BB88-4BF1-B3DC-8E1C96483761}.Debug|iPhone.ActiveCfg = Debug|Any CPU
		{44A2B947-BB88-4BF1-B3DC-8E1C96483761}.Debug|iPhone.Build.0 = Debug|Any CPU
		{44A2B947-BB88-4BF1-B3DC-8E1C96483761}.Debug|iPhoneSimulator.ActiveCfg = Debug|Any CPU
		{44A2B947-BB88-4BF1-B3DC-8E1C96483761}.Debug|iPhoneSimulator.Build.0 = Debug|Any CPU
		{44A2B947-BB88-4BF1-B3DC-8E1C96483761}.Release|Any CPU.ActiveCfg = Release|Any CPU
		{44A2B947-BB88-4BF1-B3DC-8E1C96483761}.Release|Any CPU.Build.0 = Release|Any CPU
		{44A2B947-BB88-4BF1-B3DC-8E1C96483761}.Release|iPhone.ActiveCfg = Release|Any CPU
		{44A2B947-BB88-4BF1-B3DC-8E1C96483761}.Release|iPhone.Build.0 = Release|Any CPU
		{44A2B947-BB88-4BF1-B3DC-8E1C96483761}.Release|iPhoneSimulator.ActiveCfg = Release|Any CPU
		{44A2B947-BB88-4BF1-B3DC-8E1C96483761}.Release|iPhoneSimulator.Build.0 = Release|Any CPU
		{62AA9583-B3A1-4242-81AD-E99C5A8F8C02}.Debug|Any CPU.ActiveCfg = Debug|Any CPU
		{62AA9583-B3A1-4242-81AD-E99C5A8F8C02}.Debug|Any CPU.Build.0 = Debug|Any CPU
		{62AA9583-B3A1-4242-81AD-E99C5A8F8C02}.Debug|iPhone.ActiveCfg = Debug|Any CPU
		{62AA9583-B3A1-4242-81AD-E99C5A8F8C02}.Debug|iPhone.Build.0 = Debug|Any CPU
		{62AA9583-B3A1-4242-81AD-E99C5A8F8C02}.Debug|iPhoneSimulator.ActiveCfg = Debug|Any CPU
		{62AA9583-B3A1-4242-81AD-E99C5A8F8C02}.Debug|iPhoneSimulator.Build.0 = Debug|Any CPU
		{62AA9583-B3A1-4242-81AD-E99C5A8F8C02}.Release|Any CPU.ActiveCfg = Release|Any CPU
		{62AA9583-B3A1-4242-81AD-E99C5A8F8C02}.Release|Any CPU.Build.0 = Release|Any CPU
		{62AA9583-B3A1-4242-81AD-E99C5A8F8C02}.Release|iPhone.ActiveCfg = Release|Any CPU
		{62AA9583-B3A1-4242-81AD-E99C5A8F8C02}.Release|iPhone.Build.0 = Release|Any CPU
		{62AA9583-B3A1-4242-81AD-E99C5A8F8C02}.Release|iPhoneSimulator.ActiveCfg = Release|Any CPU
		{62AA9583-B3A1-4242-81AD-E99C5A8F8C02}.Release|iPhoneSimulator.Build.0 = Release|Any CPU
	EndGlobalSection
	GlobalSection(SolutionProperties) = preSolution
		HideSolutionNode = FALSE
	EndGlobalSection
	GlobalSection(ExtensibilityGlobals) = postSolution
		SolutionGuid = {F73E77A0-9509-4922-9FCD-A5CF1A8CC2EE}
	EndGlobalSection
EndGlobal
