
Microsoft Visual Studio Solution File, Format Version 12.00
# Visual Studio Version 16
VisualStudioVersion = 16.0.29728.190
MinimumVisualStudioVersion = 10.0.40219.1
Project("{9A19103F-16F7-4668-BE54-9A1E7A4F7556}") = "XamarinReactorUI", "XamarinReactorUI\XamarinReactorUI.csproj", "{F6B3A4B8-311F-458A-874F-7290CBC08AD7}"
EndProject
Project("{FAE04EC0-301F-11D3-BF4B-00C04F79EFBC}") = "XamarinReactorUI.TestApp.Android", "XamarinReactorUI.TestApp\XamarinReactorUI.TestApp.Android\XamarinReactorUI.TestApp.Android.csproj", "{A006C685-454E-4CE3-9661-EE08EBD8AE55}"
EndProject
Project("{FAE04EC0-301F-11D3-BF4B-00C04F79EFBC}") = "XamarinReactorUI.TestApp.iOS", "XamarinReactorUI.TestApp\XamarinReactorUI.TestApp.iOS\XamarinReactorUI.TestApp.iOS.csproj", "{63E1C2C9-1C9D-43CB-8662-0B2217A30440}"
EndProject
Project("{FAE04EC0-301F-11D3-BF4B-00C04F79EFBC}") = "XamarinReactorUI.TestApp", "XamarinReactorUI.TestApp\XamarinReactorUI.TestApp\XamarinReactorUI.TestApp.csproj", "{C472300D-5ED7-486F-B000-E7A38B449227}"
EndProject
Global
	GlobalSection(SolutionConfigurationPlatforms) = preSolution
		Debug|Any CPU = Debug|Any CPU
		Debug|iPhone = Debug|iPhone
		Debug|iPhoneSimulator = Debug|iPhoneSimulator
		Release|Any CPU = Release|Any CPU
		Release|iPhone = Release|iPhone
		Release|iPhoneSimulator = Release|iPhoneSimulator
	EndGlobalSection
	GlobalSection(ProjectConfigurationPlatforms) = postSolution
		{F6B3A4B8-311F-458A-874F-7290CBC08AD7}.Debug|Any CPU.ActiveCfg = Debug|Any CPU
		{F6B3A4B8-311F-458A-874F-7290CBC08AD7}.Debug|Any CPU.Build.0 = Debug|Any CPU
		{F6B3A4B8-311F-458A-874F-7290CBC08AD7}.Debug|iPhone.ActiveCfg = Debug|Any CPU
		{F6B3A4B8-311F-458A-874F-7290CBC08AD7}.Debug|iPhone.Build.0 = Debug|Any CPU
		{F6B3A4B8-311F-458A-874F-7290CBC08AD7}.Debug|iPhoneSimulator.ActiveCfg = Debug|Any CPU
		{F6B3A4B8-311F-458A-874F-7290CBC08AD7}.Debug|iPhoneSimulator.Build.0 = Debug|Any CPU
		{F6B3A4B8-311F-458A-874F-7290CBC08AD7}.Release|Any CPU.ActiveCfg = Release|Any CPU
		{F6B3A4B8-311F-458A-874F-7290CBC08AD7}.Release|Any CPU.Build.0 = Release|Any CPU
		{F6B3A4B8-311F-458A-874F-7290CBC08AD7}.Release|iPhone.ActiveCfg = Release|Any CPU
		{F6B3A4B8-311F-458A-874F-7290CBC08AD7}.Release|iPhone.Build.0 = Release|Any CPU
		{F6B3A4B8-311F-458A-874F-7290CBC08AD7}.Release|iPhoneSimulator.ActiveCfg = Release|Any CPU
		{F6B3A4B8-311F-458A-874F-7290CBC08AD7}.Release|iPhoneSimulator.Build.0 = Release|Any CPU
		{A006C685-454E-4CE3-9661-EE08EBD8AE55}.Debug|Any CPU.ActiveCfg = Debug|Any CPU
		{A006C685-454E-4CE3-9661-EE08EBD8AE55}.Debug|Any CPU.Build.0 = Debug|Any CPU
		{A006C685-454E-4CE3-9661-EE08EBD8AE55}.Debug|Any CPU.Deploy.0 = Debug|Any CPU
		{A006C685-454E-4CE3-9661-EE08EBD8AE55}.Debug|iPhone.ActiveCfg = Debug|Any CPU
		{A006C685-454E-4CE3-9661-EE08EBD8AE55}.Debug|iPhone.Build.0 = Debug|Any CPU
		{A006C685-454E-4CE3-9661-EE08EBD8AE55}.Debug|iPhone.Deploy.0 = Debug|Any CPU
		{A006C685-454E-4CE3-9661-EE08EBD8AE55}.Debug|iPhoneSimulator.ActiveCfg = Debug|Any CPU
		{A006C685-454E-4CE3-9661-EE08EBD8AE55}.Debug|iPhoneSimulator.Build.0 = Debug|Any CPU
		{A006C685-454E-4CE3-9661-EE08EBD8AE55}.Debug|iPhoneSimulator.Deploy.0 = Debug|Any CPU
		{A006C685-454E-4CE3-9661-EE08EBD8AE55}.Release|Any CPU.ActiveCfg = Release|Any CPU
		{A006C685-454E-4CE3-9661-EE08EBD8AE55}.Release|Any CPU.Build.0 = Release|Any CPU
		{A006C685-454E-4CE3-9661-EE08EBD8AE55}.Release|Any CPU.Deploy.0 = Release|Any CPU
		{A006C685-454E-4CE3-9661-EE08EBD8AE55}.Release|iPhone.ActiveCfg = Release|Any CPU
		{A006C685-454E-4CE3-9661-EE08EBD8AE55}.Release|iPhone.Build.0 = Release|Any CPU
		{A006C685-454E-4CE3-9661-EE08EBD8AE55}.Release|iPhone.Deploy.0 = Release|Any CPU
		{A006C685-454E-4CE3-9661-EE08EBD8AE55}.Release|iPhoneSimulator.ActiveCfg = Release|Any CPU
		{A006C685-454E-4CE3-9661-EE08EBD8AE55}.Release|iPhoneSimulator.Build.0 = Release|Any CPU
		{A006C685-454E-4CE3-9661-EE08EBD8AE55}.Release|iPhoneSimulator.Deploy.0 = Release|Any CPU
		{63E1C2C9-1C9D-43CB-8662-0B2217A30440}.Debug|Any CPU.ActiveCfg = Debug|iPhone
		{63E1C2C9-1C9D-43CB-8662-0B2217A30440}.Debug|iPhone.ActiveCfg = Debug|iPhone
		{63E1C2C9-1C9D-43CB-8662-0B2217A30440}.Debug|iPhone.Build.0 = Debug|iPhone
		{63E1C2C9-1C9D-43CB-8662-0B2217A30440}.Debug|iPhoneSimulator.ActiveCfg = Debug|iPhoneSimulator
		{63E1C2C9-1C9D-43CB-8662-0B2217A30440}.Debug|iPhoneSimulator.Build.0 = Debug|iPhoneSimulator
		{63E1C2C9-1C9D-43CB-8662-0B2217A30440}.Release|Any CPU.ActiveCfg = Release|iPhone
		{63E1C2C9-1C9D-43CB-8662-0B2217A30440}.Release|iPhone.ActiveCfg = Release|iPhone
		{63E1C2C9-1C9D-43CB-8662-0B2217A30440}.Release|iPhone.Build.0 = Release|iPhone
		{63E1C2C9-1C9D-43CB-8662-0B2217A30440}.Release|iPhoneSimulator.ActiveCfg = Release|iPhoneSimulator
		{63E1C2C9-1C9D-43CB-8662-0B2217A30440}.Release|iPhoneSimulator.Build.0 = Release|iPhoneSimulator
		{C472300D-5ED7-486F-B000-E7A38B449227}.Debug|Any CPU.ActiveCfg = Debug|Any CPU
		{C472300D-5ED7-486F-B000-E7A38B449227}.Debug|Any CPU.Build.0 = Debug|Any CPU
		{C472300D-5ED7-486F-B000-E7A38B449227}.Debug|iPhone.ActiveCfg = Debug|Any CPU
		{C472300D-5ED7-486F-B000-E7A38B449227}.Debug|iPhone.Build.0 = Debug|Any CPU
		{C472300D-5ED7-486F-B000-E7A38B449227}.Debug|iPhoneSimulator.ActiveCfg = Debug|Any CPU
		{C472300D-5ED7-486F-B000-E7A38B449227}.Debug|iPhoneSimulator.Build.0 = Debug|Any CPU
		{C472300D-5ED7-486F-B000-E7A38B449227}.Release|Any CPU.ActiveCfg = Release|Any CPU
		{C472300D-5ED7-486F-B000-E7A38B449227}.Release|Any CPU.Build.0 = Release|Any CPU
		{C472300D-5ED7-486F-B000-E7A38B449227}.Release|iPhone.ActiveCfg = Release|Any CPU
		{C472300D-5ED7-486F-B000-E7A38B449227}.Release|iPhone.Build.0 = Release|Any CPU
		{C472300D-5ED7-486F-B000-E7A38B449227}.Release|iPhoneSimulator.ActiveCfg = Release|Any CPU
		{C472300D-5ED7-486F-B000-E7A38B449227}.Release|iPhoneSimulator.Build.0 = Release|Any CPU
	EndGlobalSection
	GlobalSection(SolutionProperties) = preSolution
		HideSolutionNode = FALSE
	EndGlobalSection
	GlobalSection(ExtensibilityGlobals) = postSolution
		SolutionGuid = {F73E77A0-9509-4922-9FCD-A5CF1A8CC2EE}
	EndGlobalSection
EndGlobal
